// !$*UTF8*$!
{
	archiveVersion = 1;
	classes = {
	};
	objectVersion = 50;
	objects = {

/* Begin PBXBuildFile section */
		8C4C59E9265C499200F53255 /* AddCountryView.swift in Sources */ = {isa = PBXBuildFile; fileRef = 8C4C59E8265C499200F53255 /* AddCountryView.swift */; };
		8CCA4F20264DD9A4009F54EA /* DetailView.swift in Sources */ = {isa = PBXBuildFile; fileRef = 8CCA4F1F264DD9A4009F54EA /* DetailView.swift */; };
		8CF463C2264AEB110084CEB8 /* CountryModel.swift in Sources */ = {isa = PBXBuildFile; fileRef = 8CF463C1264AEB110084CEB8 /* CountryModel.swift */; };
		8CF463C5264AEEDC0084CEB8 /* CountryController.swift in Sources */ = {isa = PBXBuildFile; fileRef = 8CF463C4264AEEDC0084CEB8 /* CountryController.swift */; };
		8CF64AB62644BEE800606001 /* LiveListProjectApp.swift in Sources */ = {isa = PBXBuildFile; fileRef = 8CF64AB52644BEE800606001 /* LiveListProjectApp.swift */; };
		8CF64AB82644BEE800606001 /* ContentView.swift in Sources */ = {isa = PBXBuildFile; fileRef = 8CF64AB72644BEE800606001 /* ContentView.swift */; };
		8CF64ABA2644BEED00606001 /* Assets.xcassets in Resources */ = {isa = PBXBuildFile; fileRef = 8CF64AB92644BEED00606001 /* Assets.xcassets */; };
		8CF64ABD2644BEED00606001 /* Preview Assets.xcassets in Resources */ = {isa = PBXBuildFile; fileRef = 8CF64ABC2644BEED00606001 /* Preview Assets.xcassets */; };
/* End PBXBuildFile section */

/* Begin PBXFileReference section */
		8C4C59E8265C499200F53255 /* AddCountryView.swift */ = {isa = PBXFileReference; lastKnownFileType = sourcecode.swift; path = AddCountryView.swift; sourceTree = "<group>"; };
		8CCA4F1F264DD9A4009F54EA /* DetailView.swift */ = {isa = PBXFileReference; lastKnownFileType = sourcecode.swift; path = DetailView.swift; sourceTree = "<group>"; };
		8CF463C1264AEB110084CEB8 /* CountryModel.swift */ = {isa = PBXFileReference; lastKnownFileType = sourcecode.swift; path = CountryModel.swift; sourceTree = "<group>"; };
		8CF463C4264AEEDC0084CEB8 /* CountryController.swift */ = {isa = PBXFileReference; lastKnownFileType = sourcecode.swift; path = CountryController.swift; sourceTree = "<group>"; };
		8CF64AB22644BEE800606001 /* LiveListProject.app */ = {isa = PBXFileReference; explicitFileType = wrapper.application; includeInIndex = 0; path = LiveListProject.app; sourceTree = BUILT_PRODUCTS_DIR; };
		8CF64AB52644BEE800606001 /* LiveListProjectApp.swift */ = {isa = PBXFileReference; lastKnownFileType = sourcecode.swift; path = LiveListProjectApp.swift; sourceTree = "<group>"; };
		8CF64AB72644BEE800606001 /* ContentView.swift */ = {isa = PBXFileReference; lastKnownFileType = sourcecode.swift; path = ContentView.swift; sourceTree = "<group>"; };
		8CF64AB92644BEED00606001 /* Assets.xcassets */ = {isa = PBXFileReference; lastKnownFileType = folder.assetcatalog; path = Assets.xcassets; sourceTree = "<group>"; };
		8CF64ABC2644BEED00606001 /* Preview Assets.xcassets */ = {isa = PBXFileReference; lastKnownFileType = folder.assetcatalog; path = "Preview Assets.xcassets"; sourceTree = "<group>"; };
		8CF64ABE2644BEED00606001 /* Info.plist */ = {isa = PBXFileReference; lastKnownFileType = text.plist.xml; path = Info.plist; sourceTree = "<group>"; };
/* End PBXFileReference section */

/* Begin PBXFrameworksBuildPhase section */
		8CF64AAF2644BEE800606001 /* Frameworks */ = {
			isa = PBXFrameworksBuildPhase;
			buildActionMask = 2147483647;
			files = (
			);
			runOnlyForDeploymentPostprocessing = 0;
		};
/* End PBXFrameworksBuildPhase section */

/* Begin PBXGroup section */
		8CCA4F14264DD8A8009F54EA /* Views */ = {
			isa = PBXGroup;
			children = (
				8CF64AB72644BEE800606001 /* ContentView.swift */,
				8CCA4F1F264DD9A4009F54EA /* DetailView.swift */,
				8C4C59E8265C499200F53255 /* AddCountryView.swift */,
			);
			path = Views;
			sourceTree = "<group>";
		};
		8CCA4F16264DD8BF009F54EA /* Model */ = {
			isa = PBXGroup;
			children = (
				8CF463C1264AEB110084CEB8 /* CountryModel.swift */,
			);
			path = Model;
			sourceTree = "<group>";
		};
		8CCA4F18264DD8C9009F54EA /* Controllers */ = {
			isa = PBXGroup;
			children = (
				8CF463C4264AEEDC0084CEB8 /* CountryController.swift */,
			);
			path = Controllers;
			sourceTree = "<group>";
		};
		8CF64AA92644BEE800606001 = {
			isa = PBXGroup;
			children = (
				8CF64AB42644BEE800606001 /* LiveListProject */,
				8CF64AB32644BEE800606001 /* Products */,
			);
			sourceTree = "<group>";
		};
		8CF64AB32644BEE800606001 /* Products */ = {
			isa = PBXGroup;
			children = (
				8CF64AB22644BEE800606001 /* LiveListProject.app */,
			);
			name = Products;
			sourceTree = "<group>";
		};
		8CF64AB42644BEE800606001 /* LiveListProject */ = {
			isa = PBXGroup;
			children = (
				8CF64AB52644BEE800606001 /* LiveListProjectApp.swift */,
				8CCA4F16264DD8BF009F54EA /* Model */,
				8CCA4F14264DD8A8009F54EA /* Views */,
				8CCA4F18264DD8C9009F54EA /* Controllers */,
				8CF64AB92644BEED00606001 /* Assets.xcassets */,
				8CF64ABE2644BEED00606001 /* Info.plist */,
				8CF64ABB2644BEED00606001 /* Preview Content */,
			);
			path = LiveListProject;
			sourceTree = "<group>";
		};
		8CF64ABB2644BEED00606001 /* Preview Content */ = {
			isa = PBXGroup;
			children = (
				8CF64ABC2644BEED00606001 /* Preview Assets.xcassets */,
			);
			path = "Preview Content";
			sourceTree = "<group>";
		};
/* End PBXGroup section */

/* Begin PBXNativeTarget section */
		8CF64AB12644BEE800606001 /* LiveListProject */ = {
			isa = PBXNativeTarget;
			buildConfigurationList = 8CF64AC12644BEED00606001 /* Build configuration list for PBXNativeTarget "LiveListProject" */;
			buildPhases = (
				8CF64AAE2644BEE800606001 /* Sources */,
				8CF64AAF2644BEE800606001 /* Frameworks */,
				8CF64AB02644BEE800606001 /* Resources */,
			);
			buildRules = (
			);
			dependencies = (
			);
			name = LiveListProject;
			productName = LiveListProject;
			productReference = 8CF64AB22644BEE800606001 /* LiveListProject.app */;
			productType = "com.apple.product-type.application";
		};
/* End PBXNativeTarget section */

/* Begin PBXProject section */
		8CF64AAA2644BEE800606001 /* Project object */ = {
			isa = PBXProject;
			attributes = {
				LastSwiftUpdateCheck = 1240;
				LastUpgradeCheck = 1240;
				TargetAttributes = {
					8CF64AB12644BEE800606001 = {
						CreatedOnToolsVersion = 12.4;
					};
				};
			};
			buildConfigurationList = 8CF64AAD2644BEE800606001 /* Build configuration list for PBXProject "LiveListProject" */;
			compatibilityVersion = "Xcode 9.3";
			developmentRegion = en;
			hasScannedForEncodings = 0;
			knownRegions = (
				en,
				Base,
			);
			mainGroup = 8CF64AA92644BEE800606001;
			productRefGroup = 8CF64AB32644BEE800606001 /* Products */;
			projectDirPath = "";
			projectRoot = "";
			targets = (
				8CF64AB12644BEE800606001 /* LiveListProject */,
			);
		};
/* End PBXProject section */

/* Begin PBXResourcesBuildPhase section */
		8CF64AB02644BEE800606001 /* Resources */ = {
			isa = PBXResourcesBuildPhase;
			buildActionMask = 2147483647;
			files = (
				8CF64ABD2644BEED00606001 /* Preview Assets.xcassets in Resources */,
				8CF64ABA2644BEED00606001 /* Assets.xcassets in Resources */,
			);
			runOnlyForDeploymentPostprocessing = 0;
		};
/* End PBXResourcesBuildPhase section */

/* Begin PBXSourcesBuildPhase section */
		8CF64AAE2644BEE800606001 /* Sources */ = {
			isa = PBXSourcesBuildPhase;
			buildActionMask = 2147483647;
			files = (
				8CF64AB82644BEE800606001 /* ContentView.swift in Sources */,
				8CF64AB62644BEE800606001 /* LiveListProjectApp.swift in Sources */,
				8CF463C5264AEEDC0084CEB8 /* CountryController.swift in Sources */,
				8CCA4F20264DD9A4009F54EA /* DetailView.swift in Sources */,
				8CF463C2264AEB110084CEB8 /* CountryModel.swift in Sources */,
				8C4C59E9265C499200F53255 /* AddCountryView.swift in Sources */,
			);
			runOnlyForDeploymentPostprocessing = 0;
		};
/* End PBXSourcesBuildPhase section */

/* Begin XCBuildConfiguration section */
		8CF64ABF2644BEED00606001 /* Debug */ = {
			isa = XCBuildConfiguration;
			buildSettings = {
				ALWAYS_SEARCH_USER_PATHS = NO;
				CLANG_ANALYZER_NONNULL = YES;
				CLANG_ANALYZER_NUMBER_OBJECT_CONVERSION = YES_AGGRESSIVE;
				CLANG_CXX_LANGUAGE_STANDARD = "gnu++14";
				CLANG_CXX_LIBRARY = "libc++";
				CLANG_ENABLE_MODULES = YES;
				CLANG_ENABLE_OBJC_ARC = YES;
				CLANG_ENABLE_OBJC_WEAK = YES;
				CLANG_WARN_BLOCK_CAPTURE_AUTORELEASING = YES;
				CLANG_WARN_BOOL_CONVERSION = YES;
				CLANG_WARN_COMMA = YES;
				CLANG_WARN_CONSTANT_CONVERSION = YES;
				CLANG_WARN_DEPRECATED_OBJC_IMPLEMENTATIONS = YES;
				CLANG_WARN_DIRECT_OBJC_ISA_USAGE = YES_ERROR;
				CLANG_WARN_DOCUMENTATION_COMMENTS = YES;
				CLANG_WARN_EMPTY_BODY = YES;
				CLANG_WARN_ENUM_CONVERSION = YES;
				CLANG_WARN_INFINITE_RECURSION = YES;
				CLANG_WARN_INT_CONVERSION = YES;
				CLANG_WARN_NON_LITERAL_NULL_CONVERSION = YES;
				CLANG_WARN_OBJC_IMPLICIT_RETAIN_SELF = YES;
				CLANG_WARN_OBJC_LITERAL_CONVERSION = YES;
				CLANG_WARN_OBJC_ROOT_CLASS = YES_ERROR;
				CLANG_WARN_QUOTED_INCLUDE_IN_FRAMEWORK_HEADER = YES;
				CLANG_WARN_RANGE_LOOP_ANALYSIS = YES;
				CLANG_WARN_STRICT_PROTOTYPES = YES;
				CLANG_WARN_SUSPICIOUS_MOVE = YES;
				CLANG_WARN_UNGUARDED_AVAILABILITY = YES_AGGRESSIVE;
				CLANG_WARN_UNREACHABLE_CODE = YES;
				CLANG_WARN__DUPLICATE_METHOD_MATCH = YES;
				COPY_PHASE_STRIP = NO;
				DEBUG_INFORMATION_FORMAT = dwarf;
				ENABLE_STRICT_OBJC_MSGSEND = YES;
				ENABLE_TESTABILITY = YES;
				GCC_C_LANGUAGE_STANDARD = gnu11;
				GCC_DYNAMIC_NO_PIC = NO;
				GCC_NO_COMMON_BLOCKS = YES;
				GCC_OPTIMIZATION_LEVEL = 0;
				GCC_PREPROCESSOR_DEFINITIONS = (
					"DEBUG=1",
					"$(inherited)",
				);
				GCC_WARN_64_TO_32_BIT_CONVERSION = YES;
				GCC_WARN_ABOUT_RETURN_TYPE = YES_ERROR;
				GCC_WARN_UNDECLARED_SELECTOR = YES;
				GCC_WARN_UNINITIALIZED_AUTOS = YES_AGGRESSIVE;
				GCC_WARN_UNUSED_FUNCTION = YES;
				GCC_WARN_UNUSED_VARIABLE = YES;
				IPHONEOS_DEPLOYMENT_TARGET = 14.4;
				MTL_ENABLE_DEBUG_INFO = INCLUDE_SOURCE;
				MTL_FAST_MATH = YES;
				ONLY_ACTIVE_ARCH = YES;
				SDKROOT = iphoneos;
				SWIFT_ACTIVE_COMPILATION_CONDITIONS = DEBUG;
				SWIFT_OPTIMIZATION_LEVEL = "-Onone";
			};
			name = Debug;
		};
		8CF64AC02644BEED00606001 /* Release */ = {
			isa = XCBuildConfiguration;
			buildSettings = {
				ALWAYS_SEARCH_USER_PATHS = NO;
				CLANG_ANALYZER_NONNULL = YES;
				CLANG_ANALYZER_NUMBER_OBJECT_CONVERSION = YES_AGGRESSIVE;
				CLANG_CXX_LANGUAGE_STANDARD = "gnu++14";
				CLANG_CXX_LIBRARY = "libc++";
				CLANG_ENABLE_MODULES = YES;
				CLANG_ENABLE_OBJC_ARC = YES;
				CLANG_ENABLE_OBJC_WEAK = YES;
				CLANG_WARN_BLOCK_CAPTURE_AUTORELEASING = YES;
				CLANG_WARN_BOOL_CONVERSION = YES;
				CLANG_WARN_COMMA = YES;
				CLANG_WARN_CONSTANT_CONVERSION = YES;
				CLANG_WARN_DEPRECATED_OBJC_IMPLEMENTATIONS = YES;
				CLANG_WARN_DIRECT_OBJC_ISA_USAGE = YES_ERROR;
				CLANG_WARN_DOCUMENTATION_COMMENTS = YES;
				CLANG_WARN_EMPTY_BODY = YES;
				CLANG_WARN_ENUM_CONVERSION = YES;
				CLANG_WARN_INFINITE_RECURSION = YES;
				CLANG_WARN_INT_CONVERSION = YES;
				CLANG_WARN_NON_LITERAL_NULL_CONVERSION = YES;
				CLANG_WARN_OBJC_IMPLICIT_RETAIN_SELF = YES;
				CLANG_WARN_OBJC_LITERAL_CONVERSION = YES;
				CLANG_WARN_OBJC_ROOT_CLASS = YES_ERROR;
				CLANG_WARN_QUOTED_INCLUDE_IN_FRAMEWORK_HEADER = YES;
				CLANG_WARN_RANGE_LOOP_ANALYSIS = YES;
				CLANG_WARN_STRICT_PROTOTYPES = YES;
				CLANG_WARN_SUSPICIOUS_MOVE = YES;
				CLANG_WARN_UNGUARDED_AVAILABILITY = YES_AGGRESSIVE;
				CLANG_WARN_UNREACHABLE_CODE = YES;
				CLANG_WARN__DUPLICATE_METHOD_MATCH = YES;
				COPY_PHASE_STRIP = NO;
				DEBUG_INFORMATION_FORMAT = "dwarf-with-dsym";
				ENABLE_NS_ASSERTIONS = NO;
				ENABLE_STRICT_OBJC_MSGSEND = YES;
				GCC_C_LANGUAGE_STANDARD = gnu11;
				GCC_NO_COMMON_BLOCKS = YES;
				GCC_WARN_64_TO_32_BIT_CONVERSION = YES;
				GCC_WARN_ABOUT_RETURN_TYPE = YES_ERROR;
				GCC_WARN_UNDECLARED_SELECTOR = YES;
				GCC_WARN_UNINITIALIZED_AUTOS = YES_AGGRESSIVE;
				GCC_WARN_UNUSED_FUNCTION = YES;
				GCC_WARN_UNUSED_VARIABLE = YES;
				IPHONEOS_DEPLOYMENT_TARGET = 14.4;
				MTL_ENABLE_DEBUG_INFO = NO;
				MTL_FAST_MATH = YES;
				SDKROOT = iphoneos;
				SWIFT_COMPILATION_MODE = wholemodule;
				SWIFT_OPTIMIZATION_LEVEL = "-O";
				VALIDATE_PRODUCT = YES;
			};
			name = Release;
		};
		8CF64AC22644BEED00606001 /* Debug */ = {
			isa = XCBuildConfiguration;
			buildSettings = {
				ASSETCATALOG_COMPILER_APPICON_NAME = AppIcon;
				ASSETCATALOG_COMPILER_GLOBAL_ACCENT_COLOR_NAME = AccentColor;
				CODE_SIGN_STYLE = Automatic;
				DEVELOPMENT_ASSET_PATHS = "\"LiveListProject/Preview Content\"";
				DEVELOPMENT_TEAM = 27L93U82VV;
				ENABLE_PREVIEWS = YES;
				INFOPLIST_FILE = LiveListProject/Info.plist;
				IPHONEOS_DEPLOYMENT_TARGET = 14.0;
				LD_RUNPATH_SEARCH_PATHS = (
					"$(inherited)",
					"@executable_path/Frameworks",
				);
				PRODUCT_BUNDLE_IDENTIFIER = mx.itesm.LiveListProject;
				PRODUCT_NAME = "$(TARGET_NAME)";
				SWIFT_VERSION = 5.0;
				TARGETED_DEVICE_FAMILY = "1,2";
			};
			name = Debug;
		};
		8CF64AC32644BEED00606001 /* Release */ = {
			isa = XCBuildConfiguration;
			buildSettings = {
				ASSETCATALOG_COMPILER_APPICON_NAME = AppIcon;
				ASSETCATALOG_COMPILER_GLOBAL_ACCENT_COLOR_NAME = AccentColor;
				CODE_SIGN_STYLE = Automatic;
				DEVELOPMENT_ASSET_PATHS = "\"LiveListProject/Preview Content\"";
				DEVELOPMENT_TEAM = 27L93U82VV;
				ENABLE_PREVIEWS = YES;
				INFOPLIST_FILE = LiveListProject/Info.plist;
				IPHONEOS_DEPLOYMENT_TARGET = 14.0;
				LD_RUNPATH_SEARCH_PATHS = (
					"$(inherited)",
					"@executable_path/Frameworks",
				);
				PRODUCT_BUNDLE_IDENTIFIER = mx.itesm.LiveListProject;
				PRODUCT_NAME = "$(TARGET_NAME)";
				SWIFT_VERSION = 5.0;
				TARGETED_DEVICE_FAMILY = "1,2";
			};
			name = Release;
		};
/* End XCBuildConfiguration section */

/* Begin XCConfigurationList section */
		8CF64AAD2644BEE800606001 /* Build configuration list for PBXProject "LiveListProject" */ = {
			isa = XCConfigurationList;
			buildConfigurations = (
				8CF64ABF2644BEED00606001 /* Debug */,
				8CF64AC02644BEED00606001 /* Release */,
			);
			defaultConfigurationIsVisible = 0;
			defaultConfigurationName = Release;
		};
		8CF64AC12644BEED00606001 /* Build configuration list for PBXNativeTarget "LiveListProject" */ = {
			isa = XCConfigurationList;
			buildConfigurations = (
				8CF64AC22644BEED00606001 /* Debug */,
				8CF64AC32644BEED00606001 /* Release */,
			);
			defaultConfigurationIsVisible = 0;
			defaultConfigurationName = Release;
		};
/* End XCConfigurationList section */
	};
	rootObject = 8CF64AAA2644BEE800606001 /* Project object */;
}
